schema_version: 1
product:
  name: TrafficTracer Complete
  version: 0.1.0-dev
  branch: Complete
  platforms:
    - x86_64-unknown-linux-gnu
components:
  mihomo:
    path: components/mihomo
    repository: https://github.com/RakuLomis/mihomo.git
    branch: TrafficTracer
    commit: 931c3a1bccc1d4c863ef3ade98539b8cbd3d5446
  clash_verge_rev:
    path: components/clash-verge-rev
    repository: https://github.com/RakuLomis/clash-verge-rev.git
    branch: feat/traffic-tracer
    commit: bed95d918a3eaa0fa0a037136e77bb13680d2632
  traffictracer:
    path: .
    branch: Complete
    version_source: traffictracer.version.COMPLETE_VERSION
protocols:
  worker_api: 1
  session_manifest: 1
  flow_result: 1
  mihomo_tracing_api: 1
  mihomo_event_schema: 1
