schema_version: 1
product:
  name: TrafficTracer Complete
  version: 0.1.0-dev
  branch: Complete
  platforms:
    - x86_64-unknown-linux-gnu
components:
  mihomo:
    path: components/mihomo
    repository: https://github.com/RakuLomis/mihomo.git
    branch: TrafficTracer
    commit: f465f552948bd4c2fb3e9306f9219dd357b0ad11
  clash_verge_rev:
    path: components/clash-verge-rev
    repository: https://github.com/RakuLomis/clash-verge-rev.git
    branch: feat/traffic-tracer
    commit: 18ae533ba19462ad07cc5b09d167a9bf1fc93202
  traffictracer:
    path: .
    branch: Complete
    version_source: traffictracer.version.COMPLETE_VERSION
protocols:
  worker_api: 1
  session_manifest: 1
  flow_result: 1
  mihomo_tracing_api: 1
  mihomo_event_schema: 1
