schema_version: 1
product:
  name: TrafficTracer Complete
  version: 0.1.0-dev
  branch: Complete
  platforms:
    - x86_64-unknown-linux-gnu
components:
  mihomo:
    path: components/mihomo
    repository: https://github.com/RakuLomis/mihomo.git
    branch: TrafficTracer
    commit: dcf2215aa223f655c5df3d82b515ab98acc5a4bb
  clash_verge_rev:
    path: components/clash-verge-rev
    repository: https://github.com/RakuLomis/clash-verge-rev.git
    branch: feat/traffic-tracer
    commit: d4f25dfe9ff65dbb3a5488e8b45020a124f16c26
  clash_verge_service:
    repository: https://github.com/clash-verge-rev/clash-verge-service-ipc
    tag: v2.6.1
    commit: 10edb52ec071520f14ce78654e401e4246127d75
    client_version: 2.6.1
    bundle_lock: components/clash-verge-rev/scripts/service-bundle.lock.json
    protocol:
      epoch: 2
      revision: 2
      min_supported_client_revision: 1
      min_required_service_revision: 1
    ipc_paths:
      linux: /run/clash-verge-service/service.sock
      macos: /var/run/clash-verge-service/service.sock
      windows: '\\.\pipe\clash-verge-service'
    linux_x86_64:
      asset: clash-verge-service-ipc-v2.6.1-x86_64-unknown-linux-gnu.tar.gz
      sha256: 67eacca41c842d446d848f8fbee99b625906e3a94146cd12e0561c6091a8c0b2
  traffictracer:
    path: .
    branch: Complete
    version_source: traffictracer.version.COMPLETE_VERSION
protocols:
  worker_api: 2
  job_schema: 2
  session_manifest: 2
  flow_result: 1
  connection_index: 2
  request_index: 2
  pcap_index: 1
  batch_manifest: 1
  mihomo_tracing_api: 1
  mihomo_event_schema: 1
